
Microsoft Visual Studio Solution File, Format Version 12.00
# Visual Studio Version 17
VisualStudioVersion = 17.5.002.0
MinimumVisualStudioVersion = 10.0.40219.1
Project("{9A19103F-16F7-4668-BE54-9A1E7A4F7556}") = "FormsApp", "FormsApp.csproj", "{C69DCD63-0FF4-47AA-BA16-903193948EFE}"
EndProject
Global
	GlobalSection(SolutionConfigurationPlatforms) = preSolution
		Debug|Any CPU = Debug|Any CPU
		Release|Any CPU = Release|Any CPU
	EndGlobalSection
	GlobalSection(ProjectConfigurationPlatforms) = postSolution
		{C69DCD63-0FF4-47AA-BA16-903193948EFE}.Debug|Any CPU.ActiveCfg = Debug|Any CPU
		{C69DCD63-0FF4-47AA-BA16-903193948EFE}.Debug|Any CPU.Build.0 = Debug|Any CPU
		{C69DCD63-0FF4-47AA-BA16-903193948EFE}.Release|Any CPU.ActiveCfg = Release|Any CPU
		{C69DCD63-0FF4-47AA-BA16-903193948EFE}.Release|Any CPU.Build.0 = Release|Any CPU
	EndGlobalSection
	GlobalSection(SolutionProperties) = preSolution
		HideSolutionNode = FALSE
	EndGlobalSection
	GlobalSection(ExtensibilityGlobals) = postSolution
		SolutionGuid = {10E27823-0F1F-46A1-87FE-83D449F25E0D}
	EndGlobalSection
EndGlobal
